
Microsoft Visual Studio Solution File, Format Version 12.00
# Visual Studio Version 17
VisualStudioVersion = 17.0.32112.339
MinimumVisualStudioVersion = 10.0.40219.1
Project("{2150E333-8FDC-42A3-9474-1A3956D46DE8}") = "ShopManagement", "ShopManagement", "{E6B476F6-BC84-4989-9753-390C7D1E2064}"
EndProject
Project("{2150E333-8FDC-42A3-9474-1A3956D46DE8}") = "SM.Domain", "SM.Domain", "{A3A1A993-6E26-4299-A5C0-704D56210658}"
EndProject
Project("{9A19103F-16F7-4668-BE54-9A1E7A4F7556}") = "ShopManagement.Domain", "ShopManagement.Domain\ShopManagement.Domain.csproj", "{B9AF22D4-D334-4AC4-8701-E5AD47FB769D}"
EndProject
Project("{9A19103F-16F7-4668-BE54-9A1E7A4F7556}") = "0_Framework", "0_Framework\0_Framework.csproj", "{8487630D-B360-4CBF-B258-7A86DA9ECD52}"
EndProject
Project("{2150E333-8FDC-42A3-9474-1A3956D46DE8}") = "SM.Application", "SM.Application", "{D8CB3DBB-AF7F-48AC-AE99-29C13FF5E850}"
EndProject
Project("{9A19103F-16F7-4668-BE54-9A1E7A4F7556}") = "ShopManagement.Application.Contracts", "ShopManagement.Application.Contracts\ShopManagement.Application.Contracts.csproj", "{59FF0197-0991-410A-AFA8-7E094CE6CEF8}"
EndProject
Project("{9A19103F-16F7-4668-BE54-9A1E7A4F7556}") = "ShopManagement.Application.Implementation", "ShopManagement.Application.Implementation\ShopManagement.Application.Implementation.csproj", "{2FFE6CBE-DF1B-4C4C-B83B-4ED458DB4C1C}"
EndProject
Project("{2150E333-8FDC-42A3-9474-1A3956D46DE8}") = "SM.Infrastructure", "SM.Infrastructure", "{955B1076-7CC2-47A7-9BA3-4F5F8BFB946D}"
EndProject
Project("{9A19103F-16F7-4668-BE54-9A1E7A4F7556}") = "ShopManagement.Infrastructure.EfCore", "ShopManagement.Infrastructure.EfCore\ShopManagement.Infrastructure.EfCore.csproj", "{C75FDB55-0784-47F5-BFA8-517EC794210E}"
EndProject
Project("{9A19103F-16F7-4668-BE54-9A1E7A4F7556}") = "ShopManagement.Configuration", "ShopManagement.Configuration\ShopManagement.Configuration.csproj", "{C26DBFE9-377A-40C2-9036-E0ECFD2DFD68}"
EndProject
Project("{9A19103F-16F7-4668-BE54-9A1E7A4F7556}") = "ServiceHost", "ServiceHost\ServiceHost.csproj", "{5BE46E0C-0ECE-4A0E-9EAD-06FFCC92E5B0}"
EndProject
Project("{9A19103F-16F7-4668-BE54-9A1E7A4F7556}") = "_MaralShopQuery", "_MaralShopQuery\_MaralShopQuery.csproj", "{0E4A783E-3E22-48A7-BB6E-41C56C3FDC86}"
EndProject
Project("{2150E333-8FDC-42A3-9474-1A3956D46DE8}") = "DiscountManagement", "DiscountManagement", "{B2380B0C-FA66-4F45-A887-7AF2BE2730C4}"
EndProject
Project("{2150E333-8FDC-42A3-9474-1A3956D46DE8}") = "DM.Domain", "DM.Domain", "{1C544E42-62A3-4976-BE4D-EA609A0FA875}"
EndProject
Project("{9A19103F-16F7-4668-BE54-9A1E7A4F7556}") = "DiscountManagement.Domain", "DiscountManagement.Domain\DiscountManagement.Domain.csproj", "{2509A37F-BDBB-4CB0-BB8D-5F9A113D9CF8}"
EndProject
Project("{2150E333-8FDC-42A3-9474-1A3956D46DE8}") = "DM.Application", "DM.Application", "{30C85652-6EA5-4722-BC8E-2589B5C2A67C}"
EndProject
Project("{9A19103F-16F7-4668-BE54-9A1E7A4F7556}") = "DiscountManagement.Application.Contracts", "DiscountManagement.Application.Contracts\DiscountManagement.Application.Contracts.csproj", "{F1F47EEF-BBA6-450A-8540-F2DA9AC371CA}"
EndProject
Project("{9A19103F-16F7-4668-BE54-9A1E7A4F7556}") = "DiscountManagement.Application.Implementation", "DiscountManagement.Application.Implementation\DiscountManagement.Application.Implementation.csproj", "{01E38997-DFA5-454A-8D7E-C26F07532CEE}"
EndProject
Project("{2150E333-8FDC-42A3-9474-1A3956D46DE8}") = "DM.Infrastructure", "DM.Infrastructure", "{73779756-DF6E-439A-A82A-62D927FC089F}"
EndProject
Project("{9A19103F-16F7-4668-BE54-9A1E7A4F7556}") = "DiscountManagement.Infrastructure.EfCore", "DiscountManagement.Infrastructure.EfCore\DiscountManagement.Infrastructure.EfCore.csproj", "{76B11058-5F17-427E-9CE6-F9DE2BBA9BE5}"
EndProject
Project("{9A19103F-16F7-4668-BE54-9A1E7A4F7556}") = "DiscountManagement.Configuration", "DiscountManagement.Configure\DiscountManagement.Configuration.csproj", "{11071024-D8A1-4F4F-A4F5-93A61989319C}"
EndProject
Project("{2150E333-8FDC-42A3-9474-1A3956D46DE8}") = "InventoryManagement", "InventoryManagement", "{3A2E4A45-6B56-4061-89BC-1C984A37D1C5}"
EndProject
Project("{2150E333-8FDC-42A3-9474-1A3956D46DE8}") = "IM.Domain", "IM.Domain", "{52E0BB4C-FD25-4FCD-BA87-D9E1952DF273}"
EndProject
Project("{2150E333-8FDC-42A3-9474-1A3956D46DE8}") = "IM.Application", "IM.Application", "{9662F33D-6D63-49D4-94BA-56CF35AFFC00}"
EndProject
Project("{2150E333-8FDC-42A3-9474-1A3956D46DE8}") = "IM.Infrastructure", "IM.Infrastructure", "{EB5058C9-983C-4E11-BA72-57453D096802}"
EndProject
Project("{FAE04EC0-301F-11D3-BF4B-00C04F79EFBC}") = "InventoryManagement.Domain", "InventoryManagement.Domain\InventoryManagement.Domain.csproj", "{53552D71-B7AB-4C19-B624-3E85C44E7D75}"
EndProject
Project("{FAE04EC0-301F-11D3-BF4B-00C04F79EFBC}") = "InventoryManagement.Application.Contracts", "InventoryManagement.Application.Contracts\InventoryManagement.Application.Contracts.csproj", "{25281B93-9BCE-4F76-A586-2F8A2AB6015D}"
EndProject
Project("{FAE04EC0-301F-11D3-BF4B-00C04F79EFBC}") = "InventoryManagement.Application.Implementation", "InventoryManagement.Application.Implementation\InventoryManagement.Application.Implementation.csproj", "{7DA4C4E4-875F-48C6-A3D1-76BD2059C0AC}"
EndProject
Project("{FAE04EC0-301F-11D3-BF4B-00C04F79EFBC}") = "InventoryManagement.EfCore", "InventoryManagement.EfCore\InventoryManagement.EfCore.csproj", "{4EC97C16-52A1-45C9-96A5-8166DE3EA82B}"
EndProject
Project("{FAE04EC0-301F-11D3-BF4B-00C04F79EFBC}") = "InventoryManagement.Infrastructure.Configuration", "InventoryManagement.Infrastructure.Configuration\InventoryManagement.Infrastructure.Configuration.csproj", "{605FDE27-F0DB-48FD-88CD-DEBC0B270E84}"
EndProject
Global
	GlobalSection(SolutionConfigurationPlatforms) = preSolution
		Debug|Any CPU = Debug|Any CPU
		Release|Any CPU = Release|Any CPU
	EndGlobalSection
	GlobalSection(ProjectConfigurationPlatforms) = postSolution
		{B9AF22D4-D334-4AC4-8701-E5AD47FB769D}.Debug|Any CPU.ActiveCfg = Debug|Any CPU
		{B9AF22D4-D334-4AC4-8701-E5AD47FB769D}.Debug|Any CPU.Build.0 = Debug|Any CPU
		{B9AF22D4-D334-4AC4-8701-E5AD47FB769D}.Release|Any CPU.ActiveCfg = Release|Any CPU
		{B9AF22D4-D334-4AC4-8701-E5AD47FB769D}.Release|Any CPU.Build.0 = Release|Any CPU
		{8487630D-B360-4CBF-B258-7A86DA9ECD52}.Debug|Any CPU.ActiveCfg = Debug|Any CPU
		{8487630D-B360-4CBF-B258-7A86DA9ECD52}.Debug|Any CPU.Build.0 = Debug|Any CPU
		{8487630D-B360-4CBF-B258-7A86DA9ECD52}.Release|Any CPU.ActiveCfg = Release|Any CPU
		{8487630D-B360-4CBF-B258-7A86DA9ECD52}.Release|Any CPU.Build.0 = Release|Any CPU
		{59FF0197-0991-410A-AFA8-7E094CE6CEF8}.Debug|Any CPU.ActiveCfg = Debug|Any CPU
		{59FF0197-0991-410A-AFA8-7E094CE6CEF8}.Debug|Any CPU.Build.0 = Debug|Any CPU
		{59FF0197-0991-410A-AFA8-7E094CE6CEF8}.Release|Any CPU.ActiveCfg = Release|Any CPU
		{59FF0197-0991-410A-AFA8-7E094CE6CEF8}.Release|Any CPU.Build.0 = Release|Any CPU
		{2FFE6CBE-DF1B-4C4C-B83B-4ED458DB4C1C}.Debug|Any CPU.ActiveCfg = Debug|Any CPU
		{2FFE6CBE-DF1B-4C4C-B83B-4ED458DB4C1C}.Debug|Any CPU.Build.0 = Debug|Any CPU
		{2FFE6CBE-DF1B-4C4C-B83B-4ED458DB4C1C}.Release|Any CPU.ActiveCfg = Release|Any CPU
		{2FFE6CBE-DF1B-4C4C-B83B-4ED458DB4C1C}.Release|Any CPU.Build.0 = Release|Any CPU
		{C75FDB55-0784-47F5-BFA8-517EC794210E}.Debug|Any CPU.ActiveCfg = Debug|Any CPU
		{C75FDB55-0784-47F5-BFA8-517EC794210E}.Debug|Any CPU.Build.0 = Debug|Any CPU
		{C75FDB55-0784-47F5-BFA8-517EC794210E}.Release|Any CPU.ActiveCfg = Release|Any CPU
		{C75FDB55-0784-47F5-BFA8-517EC794210E}.Release|Any CPU.Build.0 = Release|Any CPU
		{C26DBFE9-377A-40C2-9036-E0ECFD2DFD68}.Debug|Any CPU.ActiveCfg = Debug|Any CPU
		{C26DBFE9-377A-40C2-9036-E0ECFD2DFD68}.Debug|Any CPU.Build.0 = Debug|Any CPU
		{C26DBFE9-377A-40C2-9036-E0ECFD2DFD68}.Release|Any CPU.ActiveCfg = Release|Any CPU
		{C26DBFE9-377A-40C2-9036-E0ECFD2DFD68}.Release|Any CPU.Build.0 = Release|Any CPU
		{5BE46E0C-0ECE-4A0E-9EAD-06FFCC92E5B0}.Debug|Any CPU.ActiveCfg = Debug|Any CPU
		{5BE46E0C-0ECE-4A0E-9EAD-06FFCC92E5B0}.Debug|Any CPU.Build.0 = Debug|Any CPU
		{5BE46E0C-0ECE-4A0E-9EAD-06FFCC92E5B0}.Release|Any CPU.ActiveCfg = Release|Any CPU
		{5BE46E0C-0ECE-4A0E-9EAD-06FFCC92E5B0}.Release|Any CPU.Build.0 = Release|Any CPU
		{0E4A783E-3E22-48A7-BB6E-41C56C3FDC86}.Debug|Any CPU.ActiveCfg = Debug|Any CPU
		{0E4A783E-3E22-48A7-BB6E-41C56C3FDC86}.Debug|Any CPU.Build.0 = Debug|Any CPU
		{0E4A783E-3E22-48A7-BB6E-41C56C3FDC86}.Release|Any CPU.ActiveCfg = Release|Any CPU
		{0E4A783E-3E22-48A7-BB6E-41C56C3FDC86}.Release|Any CPU.Build.0 = Release|Any CPU
		{2509A37F-BDBB-4CB0-BB8D-5F9A113D9CF8}.Debug|Any CPU.ActiveCfg = Debug|Any CPU
		{2509A37F-BDBB-4CB0-BB8D-5F9A113D9CF8}.Debug|Any CPU.Build.0 = Debug|Any CPU
		{2509A37F-BDBB-4CB0-BB8D-5F9A113D9CF8}.Release|Any CPU.ActiveCfg = Release|Any CPU
		{2509A37F-BDBB-4CB0-BB8D-5F9A113D9CF8}.Release|Any CPU.Build.0 = Release|Any CPU
		{F1F47EEF-BBA6-450A-8540-F2DA9AC371CA}.Debug|Any CPU.ActiveCfg = Debug|Any CPU
		{F1F47EEF-BBA6-450A-8540-F2DA9AC371CA}.Debug|Any CPU.Build.0 = Debug|Any CPU
		{F1F47EEF-BBA6-450A-8540-F2DA9AC371CA}.Release|Any CPU.ActiveCfg = Release|Any CPU
		{F1F47EEF-BBA6-450A-8540-F2DA9AC371CA}.Release|Any CPU.Build.0 = Release|Any CPU
		{01E38997-DFA5-454A-8D7E-C26F07532CEE}.Debug|Any CPU.ActiveCfg = Debug|Any CPU
		{01E38997-DFA5-454A-8D7E-C26F07532CEE}.Debug|Any CPU.Build.0 = Debug|Any CPU
		{01E38997-DFA5-454A-8D7E-C26F07532CEE}.Release|Any CPU.ActiveCfg = Release|Any CPU
		{01E38997-DFA5-454A-8D7E-C26F07532CEE}.Release|Any CPU.Build.0 = Release|Any CPU
		{76B11058-5F17-427E-9CE6-F9DE2BBA9BE5}.Debug|Any CPU.ActiveCfg = Debug|Any CPU
		{76B11058-5F17-427E-9CE6-F9DE2BBA9BE5}.Debug|Any CPU.Build.0 = Debug|Any CPU
		{76B11058-5F17-427E-9CE6-F9DE2BBA9BE5}.Release|Any CPU.ActiveCfg = Release|Any CPU
		{76B11058-5F17-427E-9CE6-F9DE2BBA9BE5}.Release|Any CPU.Build.0 = Release|Any CPU
		{11071024-D8A1-4F4F-A4F5-93A61989319C}.Debug|Any CPU.ActiveCfg = Debug|Any CPU
		{11071024-D8A1-4F4F-A4F5-93A61989319C}.Debug|Any CPU.Build.0 = Debug|Any CPU
		{11071024-D8A1-4F4F-A4F5-93A61989319C}.Release|Any CPU.ActiveCfg = Release|Any CPU
		{11071024-D8A1-4F4F-A4F5-93A61989319C}.Release|Any CPU.Build.0 = Release|Any CPU
		{53552D71-B7AB-4C19-B624-3E85C44E7D75}.Debug|Any CPU.ActiveCfg = Debug|Any CPU
		{53552D71-B7AB-4C19-B624-3E85C44E7D75}.Debug|Any CPU.Build.0 = Debug|Any CPU
		{53552D71-B7AB-4C19-B624-3E85C44E7D75}.Release|Any CPU.ActiveCfg = Release|Any CPU
		{53552D71-B7AB-4C19-B624-3E85C44E7D75}.Release|Any CPU.Build.0 = Release|Any CPU
		{25281B93-9BCE-4F76-A586-2F8A2AB6015D}.Debug|Any CPU.ActiveCfg = Debug|Any CPU
		{25281B93-9BCE-4F76-A586-2F8A2AB6015D}.Debug|Any CPU.Build.0 = Debug|Any CPU
		{25281B93-9BCE-4F76-A586-2F8A2AB6015D}.Release|Any CPU.ActiveCfg = Release|Any CPU
		{25281B93-9BCE-4F76-A586-2F8A2AB6015D}.Release|Any CPU.Build.0 = Release|Any CPU
		{7DA4C4E4-875F-48C6-A3D1-76BD2059C0AC}.Debug|Any CPU.ActiveCfg = Debug|Any CPU
		{7DA4C4E4-875F-48C6-A3D1-76BD2059C0AC}.Debug|Any CPU.Build.0 = Debug|Any CPU
		{7DA4C4E4-875F-48C6-A3D1-76BD2059C0AC}.Release|Any CPU.ActiveCfg = Release|Any CPU
		{7DA4C4E4-875F-48C6-A3D1-76BD2059C0AC}.Release|Any CPU.Build.0 = Release|Any CPU
		{4EC97C16-52A1-45C9-96A5-8166DE3EA82B}.Debug|Any CPU.ActiveCfg = Debug|Any CPU
		{4EC97C16-52A1-45C9-96A5-8166DE3EA82B}.Debug|Any CPU.Build.0 = Debug|Any CPU
		{4EC97C16-52A1-45C9-96A5-8166DE3EA82B}.Release|Any CPU.ActiveCfg = Release|Any CPU
		{4EC97C16-52A1-45C9-96A5-8166DE3EA82B}.Release|Any CPU.Build.0 = Release|Any CPU
		{605FDE27-F0DB-48FD-88CD-DEBC0B270E84}.Debug|Any CPU.ActiveCfg = Debug|Any CPU
		{605FDE27-F0DB-48FD-88CD-DEBC0B270E84}.Debug|Any CPU.Build.0 = Debug|Any CPU
		{605FDE27-F0DB-48FD-88CD-DEBC0B270E84}.Release|Any CPU.ActiveCfg = Release|Any CPU
		{605FDE27-F0DB-48FD-88CD-DEBC0B270E84}.Release|Any CPU.Build.0 = Release|Any CPU
	EndGlobalSection
	GlobalSection(SolutionProperties) = preSolution
		HideSolutionNode = FALSE
	EndGlobalSection
	GlobalSection(NestedProjects) = preSolution
		{A3A1A993-6E26-4299-A5C0-704D56210658} = {E6B476F6-BC84-4989-9753-390C7D1E2064}
		{B9AF22D4-D334-4AC4-8701-E5AD47FB769D} = {A3A1A993-6E26-4299-A5C0-704D56210658}
		{D8CB3DBB-AF7F-48AC-AE99-29C13FF5E850} = {E6B476F6-BC84-4989-9753-390C7D1E2064}
		{59FF0197-0991-410A-AFA8-7E094CE6CEF8} = {D8CB3DBB-AF7F-48AC-AE99-29C13FF5E850}
		{2FFE6CBE-DF1B-4C4C-B83B-4ED458DB4C1C} = {D8CB3DBB-AF7F-48AC-AE99-29C13FF5E850}
		{955B1076-7CC2-47A7-9BA3-4F5F8BFB946D} = {E6B476F6-BC84-4989-9753-390C7D1E2064}
		{C75FDB55-0784-47F5-BFA8-517EC794210E} = {955B1076-7CC2-47A7-9BA3-4F5F8BFB946D}
		{C26DBFE9-377A-40C2-9036-E0ECFD2DFD68} = {955B1076-7CC2-47A7-9BA3-4F5F8BFB946D}
		{1C544E42-62A3-4976-BE4D-EA609A0FA875} = {B2380B0C-FA66-4F45-A887-7AF2BE2730C4}
		{2509A37F-BDBB-4CB0-BB8D-5F9A113D9CF8} = {1C544E42-62A3-4976-BE4D-EA609A0FA875}
		{30C85652-6EA5-4722-BC8E-2589B5C2A67C} = {B2380B0C-FA66-4F45-A887-7AF2BE2730C4}
		{F1F47EEF-BBA6-450A-8540-F2DA9AC371CA} = {30C85652-6EA5-4722-BC8E-2589B5C2A67C}
		{01E38997-DFA5-454A-8D7E-C26F07532CEE} = {30C85652-6EA5-4722-BC8E-2589B5C2A67C}
		{73779756-DF6E-439A-A82A-62D927FC089F} = {B2380B0C-FA66-4F45-A887-7AF2BE2730C4}
		{76B11058-5F17-427E-9CE6-F9DE2BBA9BE5} = {73779756-DF6E-439A-A82A-62D927FC089F}
		{11071024-D8A1-4F4F-A4F5-93A61989319C} = {73779756-DF6E-439A-A82A-62D927FC089F}
		{52E0BB4C-FD25-4FCD-BA87-D9E1952DF273} = {3A2E4A45-6B56-4061-89BC-1C984A37D1C5}
		{9662F33D-6D63-49D4-94BA-56CF35AFFC00} = {3A2E4A45-6B56-4061-89BC-1C984A37D1C5}
		{EB5058C9-983C-4E11-BA72-57453D096802} = {3A2E4A45-6B56-4061-89BC-1C984A37D1C5}
		{53552D71-B7AB-4C19-B624-3E85C44E7D75} = {52E0BB4C-FD25-4FCD-BA87-D9E1952DF273}
		{25281B93-9BCE-4F76-A586-2F8A2AB6015D} = {9662F33D-6D63-49D4-94BA-56CF35AFFC00}
		{7DA4C4E4-875F-48C6-A3D1-76BD2059C0AC} = {9662F33D-6D63-49D4-94BA-56CF35AFFC00}
		{4EC97C16-52A1-45C9-96A5-8166DE3EA82B} = {EB5058C9-983C-4E11-BA72-57453D096802}
		{605FDE27-F0DB-48FD-88CD-DEBC0B270E84} = {EB5058C9-983C-4E11-BA72-57453D096802}
	EndGlobalSection
	GlobalSection(ExtensibilityGlobals) = postSolution
		SolutionGuid = {D347157A-2F45-44F8-AA7A-5A6891992DBF}
	EndGlobalSection
EndGlobal
